
Microsoft Visual Studio Solution File, Format Version 12.00
# Visual Studio 15
VisualStudioVersion = 15.0.28010.2048
MinimumVisualStudioVersion = 10.0.40219.1
Project("{FAE04EC0-301F-11D3-BF4B-00C04F79EFBC}") = "egyszamjatek0409", "egyszamjatek0409\egyszamjatek0409.csproj", "{537F3B6E-70E9-4BDE-A3A7-BD8E389EA43D}"
EndProject
Global
	GlobalSection(SolutionConfigurationPlatforms) = preSolution
		Debug|Any CPU = Debug|Any CPU
		Release|Any CPU = Release|Any CPU
	EndGlobalSection
	GlobalSection(ProjectConfigurationPlatforms) = postSolution
		{537F3B6E-70E9-4BDE-A3A7-BD8E389EA43D}.Debug|Any CPU.ActiveCfg = Debug|Any CPU
		{537F3B6E-70E9-4BDE-A3A7-BD8E389EA43D}.Debug|Any CPU.Build.0 = Debug|Any CPU
		{537F3B6E-70E9-4BDE-A3A7-BD8E389EA43D}.Release|Any CPU.ActiveCfg = Release|Any CPU
		{537F3B6E-70E9-4BDE-A3A7-BD8E389EA43D}.Release|Any CPU.Build.0 = Release|Any CPU
	EndGlobalSection
	GlobalSection(SolutionProperties) = preSolution
		HideSolutionNode = FALSE
	EndGlobalSection
	GlobalSection(ExtensibilityGlobals) = postSolution
		SolutionGuid = {593BEAD8-D00B-4F13-941D-9E121CE07851}
	EndGlobalSection
EndGlobal
